
Microsoft Visual Studio Solution File, Format Version 12.00
# Visual Studio 15
VisualStudioVersion = 15.0.28307.168
MinimumVisualStudioVersion = 10.0.40219.1
Project("{9A19103F-16F7-4668-BE54-9A1E7A4F7556}") = "EnableTouchServer(.Net Core)", "EnableTouchServer .Net Core\EnableTouchServer(.Net Core).csproj", "{6ABD12EF-B052-49A9-85D0-636868EB457D}"
EndProject
Project("{FAE04EC0-301F-11D3-BF4B-00C04F79EFBC}") = "FileDecryptTool", "FileDecryptTool\FileDecryptTool.csproj", "{00CE9685-6F08-4275-825A-435EFC3774A1}"
EndProject
Project("{FAE04EC0-301F-11D3-BF4B-00C04F79EFBC}") = "NetPackageTool", "NetPackageTool\NetPackageTool.csproj", "{23AF6847-0E1E-401B-AA52-BB06A8AF80D0}"
EndProject
Global
	GlobalSection(SolutionConfigurationPlatforms) = preSolution
		Debug|Any CPU = Debug|Any CPU
		Release|Any CPU = Release|Any CPU
	EndGlobalSection
	GlobalSection(ProjectConfigurationPlatforms) = postSolution
		{6ABD12EF-B052-49A9-85D0-636868EB457D}.Debug|Any CPU.ActiveCfg = Debug|Any CPU
		{6ABD12EF-B052-49A9-85D0-636868EB457D}.Debug|Any CPU.Build.0 = Debug|Any CPU
		{6ABD12EF-B052-49A9-85D0-636868EB457D}.Release|Any CPU.ActiveCfg = Release|Any CPU
		{6ABD12EF-B052-49A9-85D0-636868EB457D}.Release|Any CPU.Build.0 = Release|Any CPU
		{00CE9685-6F08-4275-825A-435EFC3774A1}.Debug|Any CPU.ActiveCfg = Debug|Any CPU
		{00CE9685-6F08-4275-825A-435EFC3774A1}.Debug|Any CPU.Build.0 = Debug|Any CPU
		{00CE9685-6F08-4275-825A-435EFC3774A1}.Release|Any CPU.ActiveCfg = Release|Any CPU
		{00CE9685-6F08-4275-825A-435EFC3774A1}.Release|Any CPU.Build.0 = Release|Any CPU
		{23AF6847-0E1E-401B-AA52-BB06A8AF80D0}.Debug|Any CPU.ActiveCfg = Debug|Any CPU
		{23AF6847-0E1E-401B-AA52-BB06A8AF80D0}.Debug|Any CPU.Build.0 = Debug|Any CPU
		{23AF6847-0E1E-401B-AA52-BB06A8AF80D0}.Release|Any CPU.ActiveCfg = Release|Any CPU
		{23AF6847-0E1E-401B-AA52-BB06A8AF80D0}.Release|Any CPU.Build.0 = Release|Any CPU
	EndGlobalSection
	GlobalSection(SolutionProperties) = preSolution
		HideSolutionNode = FALSE
	EndGlobalSection
	GlobalSection(ExtensibilityGlobals) = postSolution
		SolutionGuid = {3A74E5C8-F54A-4600-887C-14BA41A83919}
	EndGlobalSection
EndGlobal
